<?xml version="1.0" encoding="utf-8"?>
<Project ToolsVersion="4.0" xmlns="http://schemas.microsoft.com/developer/msbuild/2003">
  <ItemGroup>
    <Filter Include="리소스 파일">
      <UniqueIdentifier>{67DA6AB6-F800-4c08-8B7A-83BB121AAD01}</UniqueIdentifier>
      <Extensions>rc;ico;cur;bmp;dlg;rc2;rct;bin;rgs;gif;jpg;jpeg;jpe;resx;tiff;tif;png;wav;mfcribbon-ms</Extensions>
    </Filter>
  </ItemGroup>
  <ItemGroup>
    <ClCompile Include="001.cpp" />
    <ClCompile Include="002.cpp" />
    <ClCompile Include="003.cpp" />
    <ClCompile Include="004.cpp" />
    <ClCompile Include="010.cpp" />
    <ClCompile Include="005.cpp" />
    <ClCompile Include="007.cpp" />
    <ClCompile Include="1021.cpp" />
    <ClCompile Include="1038.cpp" />
    <ClCompile Include="1045.cpp" />
    <ClCompile Include="1008.cpp" />
    <ClCompile Include="1023.cpp" />
    <ClCompile Include="1025.cpp" />
    <ClCompile Include="MainTemplate.cpp" />
    <ClCompile Include="1026.cpp" />
  </ItemGroup>
</Project>