<?xml version="1.0" encoding="utf-8"?>
<Project ToolsVersion="4.0" xmlns="http://schemas.microsoft.com/developer/msbuild/2003">
  <ItemGroup>
    <ClCompile Include="Main.cpp" />
    <ClCompile Include="1716A.cpp">
      <Filter>Greedy</Filter>
    </ClCompile>
    <ClCompile Include="4A.cpp">
      <Filter>BF</Filter>
    </ClCompile>
  </ItemGroup>
  <ItemGroup>
    <Filter Include="Greedy">
      <UniqueIdentifier>{20124fcb-5615-43da-aec8-0d5c28d1f715}</UniqueIdentifier>
    </Filter>
    <Filter Include="BF">
      <UniqueIdentifier>{cc15e23d-399b-4c60-a246-36846f60508e}</UniqueIdentifier>
    </Filter>
  </ItemGroup>
</Project>