<?xml version="1.0" encoding="utf-8"?>
<Project ToolsVersion="4.0" xmlns="http://schemas.microsoft.com/developer/msbuild/2003">
  <ItemGroup>
    <Filter Include="Brute_Force">
      <UniqueIdentifier>{dd9b071d-373c-4694-89a9-079aab9ec040}</UniqueIdentifier>
    </Filter>
    <Filter Include="Greedy">
      <UniqueIdentifier>{ca7bed99-4716-4363-b8a7-ccda275efe89}</UniqueIdentifier>
    </Filter>
    <Filter Include="Sort">
      <UniqueIdentifier>{4433b8c2-eb99-4994-aaf6-dd1b2495374f}</UniqueIdentifier>
    </Filter>
    <Filter Include="Stack">
      <UniqueIdentifier>{10cca410-f2af-4398-84d2-0bdaa6b95602}</UniqueIdentifier>
    </Filter>
    <Filter Include="DP">
      <UniqueIdentifier>{a9d7677d-d0ec-4f28-be46-855433aaff5f}</UniqueIdentifier>
    </Filter>
    <Filter Include="Graph">
      <UniqueIdentifier>{00c8d9cd-1481-4fa1-b612-c2c01640ab02}</UniqueIdentifier>
    </Filter>
    <Filter Include="Output">
      <UniqueIdentifier>{2e080059-69b9-4921-8b18-707dde6897ed}</UniqueIdentifier>
    </Filter>
    <Filter Include="Not solved">
      <UniqueIdentifier>{8093545a-b331-4fc4-9049-552f21a21dff}</UniqueIdentifier>
    </Filter>
    <Filter Include="String">
      <UniqueIdentifier>{fefb7a5f-f5ba-4a5e-a6c5-68272a4a710f}</UniqueIdentifier>
    </Filter>
    <Filter Include="Search">
      <UniqueIdentifier>{254532ff-7e4d-498b-a402-8cc13bfb7113}</UniqueIdentifier>
    </Filter>
    <Filter Include="Recursive">
      <UniqueIdentifier>{37904852-fb7e-4a9f-81c8-cc5845b67ca1}</UniqueIdentifier>
    </Filter>
    <Filter Include="Simulation">
      <UniqueIdentifier>{79040213-4ee8-4d81-8f94-03affb1e83aa}</UniqueIdentifier>
    </Filter>
    <Filter Include="Back Tracking">
      <UniqueIdentifier>{7361c046-f9c5-4d9b-b192-7f39838dafec}</UniqueIdentifier>
    </Filter>
    <Filter Include="Not solved%282%29">
      <UniqueIdentifier>{4bfd9711-4138-4706-b805-27f6387486fa}</UniqueIdentifier>
    </Filter>
    <Filter Include="Priority_queue">
      <UniqueIdentifier>{b8ad52bc-5579-4250-b14a-fecac90b94a9}</UniqueIdentifier>
    </Filter>
    <Filter Include="Hash">
      <UniqueIdentifier>{c4585e9a-bdff-4e1a-84b5-055e20447c4f}</UniqueIdentifier>
    </Filter>
  </ItemGroup>
  <ItemGroup>
    <ClCompile Include="Brute_Force\4673.cpp">
      <Filter>Brute_Force</Filter>
    </ClCompile>
    <ClCompile Include="Brute_Force\1065.cpp">
      <Filter>Brute_Force</Filter>
    </ClCompile>
    <ClCompile Include="Brute_Force\2798.cpp">
      <Filter>Brute_Force</Filter>
    </ClCompile>
    <ClCompile Include="Brute_Force\12100.cpp">
      <Filter>Brute_Force</Filter>
    </ClCompile>
    <ClCompile Include="Greedy\1026.cpp">
      <Filter>Greedy</Filter>
    </ClCompile>
    <ClCompile Include="Greedy\1541.cpp">
      <Filter>Greedy</Filter>
    </ClCompile>
    <ClCompile Include="Greedy\1789.cpp">
      <Filter>Greedy</Filter>
    </ClCompile>
    <ClCompile Include="Greedy\1931.cpp">
      <Filter>Greedy</Filter>
    </ClCompile>
    <ClCompile Include="Greedy\2217.cpp">
      <Filter>Greedy</Filter>
    </ClCompile>
    <ClCompile Include="Greedy\2839.cpp">
      <Filter>Greedy</Filter>
    </ClCompile>
    <ClCompile Include="Greedy\5585.cpp">
      <Filter>Greedy</Filter>
    </ClCompile>
    <ClCompile Include="Greedy\10162.cpp">
      <Filter>Greedy</Filter>
    </ClCompile>
    <ClCompile Include="Greedy\10610.cpp">
      <Filter>Greedy</Filter>
    </ClCompile>
    <ClCompile Include="Greedy\11047.cpp">
      <Filter>Greedy</Filter>
    </ClCompile>
    <ClCompile Include="Greedy\11399.cpp">
      <Filter>Greedy</Filter>
    </ClCompile>
    <ClCompile Include="Greedy\13305.cpp">
      <Filter>Greedy</Filter>
    </ClCompile>
    <ClCompile Include="2752.cpp">
      <Filter>Sort</Filter>
    </ClCompile>
    <ClCompile Include="2750.cpp">
      <Filter>Sort</Filter>
    </ClCompile>
    <ClCompile Include="2751.cpp">
      <Filter>Sort</Filter>
    </ClCompile>
    <ClCompile Include="1946.cpp">
      <Filter>Greedy</Filter>
    </ClCompile>
    <ClCompile Include="1715.cpp">
      <Filter>Greedy</Filter>
    </ClCompile>
    <ClCompile Include="1080.cpp">
      <Filter>Greedy</Filter>
    </ClCompile>
    <ClCompile Include="1439.cpp">
      <Filter>Greedy</Filter>
    </ClCompile>
    <ClCompile Include="10828.cpp">
      <Filter>Stack</Filter>
    </ClCompile>
    <ClCompile Include="9093.cpp">
      <Filter>Stack</Filter>
    </ClCompile>
    <ClCompile Include="9012.cpp" />
    <ClCompile Include="1874.cpp">
      <Filter>Stack</Filter>
    </ClCompile>
    <ClCompile Include="1011.cpp" />
    <ClCompile Include="1202.cpp">
      <Filter>Greedy</Filter>
    </ClCompile>
    <ClCompile Include="2109.cpp">
      <Filter>Greedy</Filter>
    </ClCompile>
    <ClCompile Include="13023.cpp">
      <Filter>Graph</Filter>
    </ClCompile>
    <ClCompile Include="1260.cpp">
      <Filter>Graph</Filter>
    </ClCompile>
    <ClCompile Include="11053.cpp">
      <Filter>DP</Filter>
    </ClCompile>
    <ClCompile Include="12015.cpp">
      <Filter>Greedy</Filter>
    </ClCompile>
    <ClCompile Include="2565.cpp">
      <Filter>DP</Filter>
    </ClCompile>
    <ClCompile Include="16953.cpp">
      <Filter>Greedy</Filter>
    </ClCompile>
    <ClCompile Include="2178.cpp">
      <Filter>Graph</Filter>
    </ClCompile>
    <ClCompile Include="10926.cpp">
      <Filter>Output</Filter>
    </ClCompile>
    <ClCompile Include="2588.cpp">
      <Filter>Output</Filter>
    </ClCompile>
    <ClCompile Include="25083.cpp">
      <Filter>Output</Filter>
    </ClCompile>
    <ClCompile Include="Graph\24444.cpp">
      <Filter>Graph</Filter>
    </ClCompile>
    <ClCompile Include="main.cpp" />
    <ClCompile Include="2884.cpp">
      <Filter>Output</Filter>
    </ClCompile>
    <ClCompile Include="24445.cpp">
      <Filter>Graph</Filter>
    </ClCompile>
    <ClCompile Include="2213.cpp">
      <Filter>Brute_Force</Filter>
    </ClCompile>
    <ClCompile Include="2525.cpp">
      <Filter>Output</Filter>
    </ClCompile>
    <ClCompile Include="25304.cpp">
      <Filter>Output</Filter>
    </ClCompile>
    <ClCompile Include="11021.cpp">
      <Filter>Output</Filter>
    </ClCompile>
    <ClCompile Include="11022.cpp">
      <Filter>Output</Filter>
    </ClCompile>
    <ClCompile Include="2562.cpp">
      <Filter>Brute_Force</Filter>
    </ClCompile>
    <ClCompile Include="2920.cpp">
      <Filter>Output</Filter>
    </ClCompile>
    <ClCompile Include="8958.cpp">
      <Filter>Output</Filter>
    </ClCompile>
    <ClCompile Include="10818.cpp">
      <Filter>Output</Filter>
    </ClCompile>
    <ClCompile Include="10951.cpp">
      <Filter>Output</Filter>
    </ClCompile>
    <ClCompile Include="10952.cpp">
      <Filter>Output</Filter>
    </ClCompile>
    <ClCompile Include="11654.cpp">
      <Filter>Output</Filter>
    </ClCompile>
    <ClCompile Include="7568.cpp">
      <Filter>Brute_Force</Filter>
    </ClCompile>
    <ClCompile Include="1339.cpp">
      <Filter>Greedy</Filter>
    </ClCompile>
    <ClCompile Include="24479.cpp">
      <Filter>Graph</Filter>
    </ClCompile>
    <ClCompile Include="24480.cpp">
      <Filter>Graph</Filter>
    </ClCompile>
    <ClCompile Include="4796.cpp">
      <Filter>Greedy</Filter>
    </ClCompile>
    <ClCompile Include="2606.cpp">
      <Filter>Graph</Filter>
    </ClCompile>
    <ClCompile Include="2667.cpp">
      <Filter>Graph</Filter>
    </ClCompile>
    <ClCompile Include="1049.cpp">
      <Filter>Greedy</Filter>
    </ClCompile>
    <ClCompile Include="1012.cpp">
      <Filter>Graph</Filter>
    </ClCompile>
    <ClCompile Include="1463.cpp">
      <Filter>DP</Filter>
    </ClCompile>
    <ClCompile Include="9095.cpp">
      <Filter>DP</Filter>
    </ClCompile>
    <ClCompile Include="2579.cpp">
      <Filter>DP</Filter>
    </ClCompile>
    <ClCompile Include="1149.cpp">
      <Filter>DP</Filter>
    </ClCompile>
    <ClCompile Include="11726.cpp">
      <Filter>DP</Filter>
    </ClCompile>
    <ClCompile Include="11659.cpp">
      <Filter>DP</Filter>
    </ClCompile>
    <ClCompile Include="12852.cpp">
      <Filter>DP</Filter>
    </ClCompile>
    <ClCompile Include="10871.cpp">
      <Filter>Output</Filter>
    </ClCompile>
    <ClCompile Include="1744.cpp">
      <Filter>Not solved</Filter>
    </ClCompile>
    <ClCompile Include="2864.cpp">
      <Filter>Output</Filter>
    </ClCompile>
    <ClCompile Include="3052.cpp">
      <Filter>Output</Filter>
    </ClCompile>
    <ClCompile Include="1003.cpp">
      <Filter>DP</Filter>
    </ClCompile>
    <ClCompile Include="11727.cpp">
      <Filter>DP</Filter>
    </ClCompile>
    <ClCompile Include="11052.cpp">
      <Filter>DP</Filter>
    </ClCompile>
    <ClCompile Include="10844.cpp">
      <Filter>DP</Filter>
    </ClCompile>
    <ClCompile Include="1697.cpp">
      <Filter>Graph</Filter>
    </ClCompile>
    <ClCompile Include="3806.cpp">
      <Filter>Greedy</Filter>
    </ClCompile>
    <ClCompile Include="16194.cpp">
      <Filter>DP</Filter>
    </ClCompile>
    <ClCompile Include="15990.cpp">
      <Filter>DP</Filter>
    </ClCompile>
    <ClCompile Include="2193.cpp">
      <Filter>DP</Filter>
    </ClCompile>
    <ClCompile Include="7562.cpp">
      <Filter>Graph</Filter>
    </ClCompile>
    <ClCompile Include="7576.cpp">
      <Filter>Graph</Filter>
    </ClCompile>
    <ClCompile Include="1546.cpp">
      <Filter>Output</Filter>
    </ClCompile>
    <ClCompile Include="11497.cpp">
      <Filter>Output</Filter>
    </ClCompile>
    <ClCompile Include="1912.cpp">
      <Filter>DP</Filter>
    </ClCompile>
    <ClCompile Include="1699.cpp">
      <Filter>DP</Filter>
    </ClCompile>
    <ClCompile Include="2225.cpp">
      <Filter>Not solved</Filter>
    </ClCompile>
    <ClCompile Include="15988.cpp">
      <Filter>DP</Filter>
    </ClCompile>
    <ClCompile Include="1309.cpp">
      <Filter>DP</Filter>
    </ClCompile>
    <ClCompile Include="7569.cpp">
      <Filter>Graph</Filter>
    </ClCompile>
    <ClCompile Include="16928.cpp">
      <Filter>Graph</Filter>
    </ClCompile>
    <ClCompile Include="1543.cpp">
      <Filter>String</Filter>
    </ClCompile>
    <ClCompile Include="11057.cpp">
      <Filter>DP</Filter>
    </ClCompile>
    <ClCompile Include="9465.cpp">
      <Filter>DP</Filter>
    </ClCompile>
    <ClCompile Include="2206.cpp">
      <Filter>Graph</Filter>
    </ClCompile>
    <ClCompile Include="2156.cpp">
      <Filter>DP</Filter>
    </ClCompile>
    <ClCompile Include="1932.cpp">
      <Filter>Graph</Filter>
    </ClCompile>
    <ClCompile Include="13398.cpp">
      <Filter>DP</Filter>
    </ClCompile>
    <ClCompile Include="1920.cpp">
      <Filter>Search</Filter>
    </ClCompile>
    <ClCompile Include="10816.cpp">
      <Filter>Search</Filter>
    </ClCompile>
    <ClCompile Include="18870.cpp">
      <Filter>Search</Filter>
    </ClCompile>
    <ClCompile Include="2295.cpp">
      <Filter>Search</Filter>
    </ClCompile>
    <ClCompile Include="1629.cpp">
      <Filter>Recursive</Filter>
    </ClCompile>
    <ClCompile Include="11729.cpp">
      <Filter>Recursive</Filter>
    </ClCompile>
    <ClCompile Include="1074.cpp">
      <Filter>Recursive</Filter>
    </ClCompile>
    <ClCompile Include="17478.cpp">
      <Filter>Recursive</Filter>
    </ClCompile>
    <ClCompile Include="10872.cpp">
      <Filter>Recursive</Filter>
    </ClCompile>
    <ClCompile Include="10870.cpp">
      <Filter>Recursive</Filter>
    </ClCompile>
    <ClCompile Include="2447.cpp">
      <Filter>Not solved</Filter>
    </ClCompile>
    <ClCompile Include="15649.cpp">
      <Filter>Back Tracking</Filter>
    </ClCompile>
    <ClCompile Include="9663.cpp">
      <Filter>Back Tracking</Filter>
    </ClCompile>
    <ClCompile Include="1182.cpp">
      <Filter>Back Tracking</Filter>
    </ClCompile>
    <ClCompile Include="15650.cpp">
      <Filter>Back Tracking</Filter>
    </ClCompile>
    <ClCompile Include="15651.cpp">
      <Filter>Back Tracking</Filter>
    </ClCompile>
    <ClCompile Include="15652.cpp">
      <Filter>Back Tracking</Filter>
    </ClCompile>
    <ClCompile Include="15683.cpp">
      <Filter>Not solved</Filter>
    </ClCompile>
    <ClCompile Include="10809.cpp">
      <Filter>String</Filter>
    </ClCompile>
    <ClCompile Include="1152.cpp">
      <Filter>String</Filter>
    </ClCompile>
    <ClCompile Include="1157.cpp">
      <Filter>String</Filter>
    </ClCompile>
    <ClCompile Include="2294.cpp">
      <Filter>Not solved%282%29</Filter>
    </ClCompile>
    <ClCompile Include="11051.cpp">
      <Filter>Not solved%282%29</Filter>
    </ClCompile>
    <ClCompile Include="16500.cpp">
      <Filter>Not solved%282%29</Filter>
    </ClCompile>
    <ClCompile Include="2248.cpp">
      <Filter>Not solved%282%29</Filter>
    </ClCompile>
    <ClCompile Include="24416.cpp">
      <Filter>DP</Filter>
    </ClCompile>
    <ClCompile Include="13975.cpp">
      <Filter>Priority_queue</Filter>
    </ClCompile>
    <ClCompile Include="3687.cpp">
      <Filter>Not solved%282%29</Filter>
    </ClCompile>
    <ClCompile Include="7785.cpp">
      <Filter>Hash</Filter>
    </ClCompile>
    <ClCompile Include="11066.cpp">
      <Filter>Not solved%282%29</Filter>
    </ClCompile>
    <ClCompile Include="1010.cpp">
      <Filter>DP</Filter>
    </ClCompile>
    <ClCompile Include="12865.cpp">
      <Filter>DP</Filter>
    </ClCompile>
    <ClCompile Include="2580.cpp">
      <Filter>Not solved%282%29</Filter>
    </ClCompile>
    <ClCompile Include="3085.cpp">
      <Filter>Not solved%282%29</Filter>
    </ClCompile>
    <ClCompile Include="11448.cpp">
      <Filter>Brute_Force</Filter>
    </ClCompile>
    <ClCompile Include="2503.cpp">
      <Filter>Brute_Force</Filter>
    </ClCompile>
  </ItemGroup>
</Project>