<?xml version="1.0" encoding="utf-8"?>
<Project ToolsVersion="4.0" xmlns="http://schemas.microsoft.com/developer/msbuild/2003">
  <ItemGroup>
    <Filter Include="Brute_Force">
      <UniqueIdentifier>{dd9b071d-373c-4694-89a9-079aab9ec040}</UniqueIdentifier>
    </Filter>
    <Filter Include="Greedy">
      <UniqueIdentifier>{ca7bed99-4716-4363-b8a7-ccda275efe89}</UniqueIdentifier>
    </Filter>
    <Filter Include="Sort">
      <UniqueIdentifier>{4433b8c2-eb99-4994-aaf6-dd1b2495374f}</UniqueIdentifier>
    </Filter>
    <Filter Include="Stack">
      <UniqueIdentifier>{10cca410-f2af-4398-84d2-0bdaa6b95602}</UniqueIdentifier>
    </Filter>
  </ItemGroup>
  <ItemGroup>
    <ClCompile Include="Brute_Force\4673.cpp">
      <Filter>Brute_Force</Filter>
    </ClCompile>
    <ClCompile Include="Brute_Force\1065.cpp">
      <Filter>Brute_Force</Filter>
    </ClCompile>
    <ClCompile Include="Brute_Force\2798.cpp">
      <Filter>Brute_Force</Filter>
    </ClCompile>
    <ClCompile Include="Brute_Force\12100.cpp">
      <Filter>Brute_Force</Filter>
    </ClCompile>
    <ClCompile Include="Greedy\1026.cpp">
      <Filter>Greedy</Filter>
    </ClCompile>
    <ClCompile Include="Greedy\1541.cpp">
      <Filter>Greedy</Filter>
    </ClCompile>
    <ClCompile Include="Greedy\1789.cpp">
      <Filter>Greedy</Filter>
    </ClCompile>
    <ClCompile Include="Greedy\1931.cpp">
      <Filter>Greedy</Filter>
    </ClCompile>
    <ClCompile Include="Greedy\2217.cpp">
      <Filter>Greedy</Filter>
    </ClCompile>
    <ClCompile Include="Greedy\2839.cpp">
      <Filter>Greedy</Filter>
    </ClCompile>
    <ClCompile Include="Greedy\5585.cpp">
      <Filter>Greedy</Filter>
    </ClCompile>
    <ClCompile Include="Greedy\10162.cpp">
      <Filter>Greedy</Filter>
    </ClCompile>
    <ClCompile Include="Greedy\10610.cpp">
      <Filter>Greedy</Filter>
    </ClCompile>
    <ClCompile Include="Greedy\11047.cpp">
      <Filter>Greedy</Filter>
    </ClCompile>
    <ClCompile Include="Greedy\11399.cpp">
      <Filter>Greedy</Filter>
    </ClCompile>
    <ClCompile Include="Greedy\13305.cpp">
      <Filter>Greedy</Filter>
    </ClCompile>
    <ClCompile Include="2752.cpp">
      <Filter>Sort</Filter>
    </ClCompile>
    <ClCompile Include="2750.cpp">
      <Filter>Sort</Filter>
    </ClCompile>
    <ClCompile Include="2751.cpp">
      <Filter>Sort</Filter>
    </ClCompile>
    <ClCompile Include="1946.cpp">
      <Filter>Greedy</Filter>
    </ClCompile>
    <ClCompile Include="1715.cpp">
      <Filter>Greedy</Filter>
    </ClCompile>
    <ClCompile Include="1080.cpp">
      <Filter>Greedy</Filter>
    </ClCompile>
    <ClCompile Include="1439.cpp">
      <Filter>Greedy</Filter>
    </ClCompile>
    <ClCompile Include="10828.cpp">
      <Filter>Stack</Filter>
    </ClCompile>
    <ClCompile Include="9093.cpp">
      <Filter>Stack</Filter>
    </ClCompile>
    <ClCompile Include="9012.cpp" />
    <ClCompile Include="1874.cpp">
      <Filter>Stack</Filter>
    </ClCompile>
    <ClCompile Include="1011.cpp" />
  </ItemGroup>
</Project>